
Microsoft Visual Studio Solution File, Format Version 12.00
# Visual Studio Version 17
VisualStudioVersion = 17.5.33530.505
MinimumVisualStudioVersion = 10.0.40219.1
Project("{9A19103F-16F7-4668-BE54-9A1E7A4F7556}") = "P013EStore.MVCUI", "P013EStore.MVCUI\P013EStore.MVCUI.csproj", "{1465C3F1-B391-4698-ABC0-A9B715F65BE5}"
EndProject
Project("{9A19103F-16F7-4668-BE54-9A1E7A4F7556}") = "P013EStore.Core", "P013EStore.Core\P013EStore.Core.csproj", "{F7C6A69E-3A58-43E4-87D3-4BA724305EA3}"
EndProject
Project("{9A19103F-16F7-4668-BE54-9A1E7A4F7556}") = "P013EStore.Data", "P013EStore.Data\P013EStore.Data.csproj", "{CACD4E96-89B9-49B5-BCED-B46251E5CD35}"
EndProject
Project("{9A19103F-16F7-4668-BE54-9A1E7A4F7556}") = "P013EStore.Service", "P013EStore.Service\P013EStore.Service.csproj", "{3534952D-0B20-4FD8-B23C-DA82EAA3286A}"
EndProject
Project("{9A19103F-16F7-4668-BE54-9A1E7A4F7556}") = "P013EStore.WebAPI", "P013EStore.WebAPI\P013EStore.WebAPI.csproj", "{3617B8D1-7E28-48CB-A6A6-508E23B28C76}"
EndProject
Project("{FAE04EC0-301F-11D3-BF4B-00C04F79EFBC}") = "P013EStore.WebAPIUsing", "P013EStore.WebAPIUsing\P013EStore.WebAPIUsing.csproj", "{22B2FB00-755D-4878-B4C7-014248AC2A14}"
EndProject
Global
	GlobalSection(SolutionConfigurationPlatforms) = preSolution
		Debug|Any CPU = Debug|Any CPU
		Release|Any CPU = Release|Any CPU
	EndGlobalSection
	GlobalSection(ProjectConfigurationPlatforms) = postSolution
		{1465C3F1-B391-4698-ABC0-A9B715F65BE5}.Debug|Any CPU.ActiveCfg = Debug|Any CPU
		{1465C3F1-B391-4698-ABC0-A9B715F65BE5}.Debug|Any CPU.Build.0 = Debug|Any CPU
		{1465C3F1-B391-4698-ABC0-A9B715F65BE5}.Release|Any CPU.ActiveCfg = Release|Any CPU
		{1465C3F1-B391-4698-ABC0-A9B715F65BE5}.Release|Any CPU.Build.0 = Release|Any CPU
		{F7C6A69E-3A58-43E4-87D3-4BA724305EA3}.Debug|Any CPU.ActiveCfg = Debug|Any CPU
		{F7C6A69E-3A58-43E4-87D3-4BA724305EA3}.Debug|Any CPU.Build.0 = Debug|Any CPU
		{F7C6A69E-3A58-43E4-87D3-4BA724305EA3}.Release|Any CPU.ActiveCfg = Release|Any CPU
		{F7C6A69E-3A58-43E4-87D3-4BA724305EA3}.Release|Any CPU.Build.0 = Release|Any CPU
		{CACD4E96-89B9-49B5-BCED-B46251E5CD35}.Debug|Any CPU.ActiveCfg = Debug|Any CPU
		{CACD4E96-89B9-49B5-BCED-B46251E5CD35}.Debug|Any CPU.Build.0 = Debug|Any CPU
		{CACD4E96-89B9-49B5-BCED-B46251E5CD35}.Release|Any CPU.ActiveCfg = Release|Any CPU
		{CACD4E96-89B9-49B5-BCED-B46251E5CD35}.Release|Any CPU.Build.0 = Release|Any CPU
		{3534952D-0B20-4FD8-B23C-DA82EAA3286A}.Debug|Any CPU.ActiveCfg = Debug|Any CPU
		{3534952D-0B20-4FD8-B23C-DA82EAA3286A}.Debug|Any CPU.Build.0 = Debug|Any CPU
		{3534952D-0B20-4FD8-B23C-DA82EAA3286A}.Release|Any CPU.ActiveCfg = Release|Any CPU
		{3534952D-0B20-4FD8-B23C-DA82EAA3286A}.Release|Any CPU.Build.0 = Release|Any CPU
		{3617B8D1-7E28-48CB-A6A6-508E23B28C76}.Debug|Any CPU.ActiveCfg = Debug|Any CPU
		{3617B8D1-7E28-48CB-A6A6-508E23B28C76}.Debug|Any CPU.Build.0 = Debug|Any CPU
		{3617B8D1-7E28-48CB-A6A6-508E23B28C76}.Release|Any CPU.ActiveCfg = Release|Any CPU
		{3617B8D1-7E28-48CB-A6A6-508E23B28C76}.Release|Any CPU.Build.0 = Release|Any CPU
		{22B2FB00-755D-4878-B4C7-014248AC2A14}.Debug|Any CPU.ActiveCfg = Debug|Any CPU
		{22B2FB00-755D-4878-B4C7-014248AC2A14}.Debug|Any CPU.Build.0 = Debug|Any CPU
		{22B2FB00-755D-4878-B4C7-014248AC2A14}.Release|Any CPU.ActiveCfg = Release|Any CPU
		{22B2FB00-755D-4878-B4C7-014248AC2A14}.Release|Any CPU.Build.0 = Release|Any CPU
	EndGlobalSection
	GlobalSection(SolutionProperties) = preSolution
		HideSolutionNode = FALSE
	EndGlobalSection
	GlobalSection(ExtensibilityGlobals) = postSolution
		SolutionGuid = {EED78561-0E6D-4CBF-A5D8-C29E27BAB890}
	EndGlobalSection
EndGlobal
